
Microsoft Visual Studio Solution File, Format Version 12.00
# Visual Studio 2012
Project("{FAE04EC0-301F-11D3-BF4B-00C04F79EFBC}") = "PillBox.Model", "PillBox.Model\PillBox.Model.csproj", "{37ED5D62-D731-43F7-AA47-207906D333E6}"
EndProject
Project("{FAE04EC0-301F-11D3-BF4B-00C04F79EFBC}") = "PillBox.DAL", "PillBox.DAL\PillBox.DAL.csproj", "{C8869019-419D-42F3-A7C2-450436801D50}"
EndProject
Project("{2150E333-8FDC-42A3-9474-1A3956D46DE8}") = "Core", "Core", "{B413F2B7-8130-43BC-94A9-4AFD2479D866}"
EndProject
Project("{2150E333-8FDC-42A3-9474-1A3956D46DE8}") = "DataAccess", "DataAccess", "{4519D481-1B68-40A7-833D-34505FC7F867}"
EndProject
Project("{2150E333-8FDC-42A3-9474-1A3956D46DE8}") = "Services", "Services", "{B0EB5009-5C1D-468A-AACF-B9115B71DC2C}"
EndProject
Project("{FAE04EC0-301F-11D3-BF4B-00C04F79EFBC}") = "PillBox.Services", "PillBox.Services\PillBox.Services.csproj", "{8E011B67-AE9E-4406-B951-5C602E65D84A}"
EndProject
Project("{FAE04EC0-301F-11D3-BF4B-00C04F79EFBC}") = "PillBox.Core", "PillBox.Core\PillBox.Core.csproj", "{82C724B2-0803-49CD-9C5B-8567817C9CB8}"
EndProject
Project("{2150E333-8FDC-42A3-9474-1A3956D46DE8}") = "UI Modules", "UI Modules", "{0CBC03A6-C107-42C0-9AC2-9FE044AF7EDC}"
EndProject
Project("{FAE04EC0-301F-11D3-BF4B-00C04F79EFBC}") = "PillBox.Website", "PillBox.Website\PillBox.Website.csproj", "{5077EE6F-0F35-4FF6-8F57-0820AC61E04D}"
EndProject
Project("{2150E333-8FDC-42A3-9474-1A3956D46DE8}") = "xTest", "xTest", "{3734D307-F77F-4691-8364-D44B0D72148E}"
EndProject
Project("{FAE04EC0-301F-11D3-BF4B-00C04F79EFBC}") = "PillBox.IntegrationTest", "PillBox.IntegrationTest\PillBox.IntegrationTest.csproj", "{A56C273D-FBA8-4ED6-B69A-302926E7A4E2}"
EndProject
Global
	GlobalSection(SolutionConfigurationPlatforms) = preSolution
		Debug|Any CPU = Debug|Any CPU
		Release|Any CPU = Release|Any CPU
	EndGlobalSection
	GlobalSection(ProjectConfigurationPlatforms) = postSolution
		{37ED5D62-D731-43F7-AA47-207906D333E6}.Debug|Any CPU.ActiveCfg = Debug|Any CPU
		{37ED5D62-D731-43F7-AA47-207906D333E6}.Debug|Any CPU.Build.0 = Debug|Any CPU
		{37ED5D62-D731-43F7-AA47-207906D333E6}.Release|Any CPU.ActiveCfg = Release|Any CPU
		{37ED5D62-D731-43F7-AA47-207906D333E6}.Release|Any CPU.Build.0 = Release|Any CPU
		{C8869019-419D-42F3-A7C2-450436801D50}.Debug|Any CPU.ActiveCfg = Debug|Any CPU
		{C8869019-419D-42F3-A7C2-450436801D50}.Debug|Any CPU.Build.0 = Debug|Any CPU
		{C8869019-419D-42F3-A7C2-450436801D50}.Release|Any CPU.ActiveCfg = Release|Any CPU
		{C8869019-419D-42F3-A7C2-450436801D50}.Release|Any CPU.Build.0 = Release|Any CPU
		{8E011B67-AE9E-4406-B951-5C602E65D84A}.Debug|Any CPU.ActiveCfg = Debug|Any CPU
		{8E011B67-AE9E-4406-B951-5C602E65D84A}.Debug|Any CPU.Build.0 = Debug|Any CPU
		{8E011B67-AE9E-4406-B951-5C602E65D84A}.Release|Any CPU.ActiveCfg = Release|Any CPU
		{8E011B67-AE9E-4406-B951-5C602E65D84A}.Release|Any CPU.Build.0 = Release|Any CPU
		{82C724B2-0803-49CD-9C5B-8567817C9CB8}.Debug|Any CPU.ActiveCfg = Debug|Any CPU
		{82C724B2-0803-49CD-9C5B-8567817C9CB8}.Debug|Any CPU.Build.0 = Debug|Any CPU
		{82C724B2-0803-49CD-9C5B-8567817C9CB8}.Release|Any CPU.ActiveCfg = Release|Any CPU
		{82C724B2-0803-49CD-9C5B-8567817C9CB8}.Release|Any CPU.Build.0 = Release|Any CPU
		{5077EE6F-0F35-4FF6-8F57-0820AC61E04D}.Debug|Any CPU.ActiveCfg = Debug|Any CPU
		{5077EE6F-0F35-4FF6-8F57-0820AC61E04D}.Debug|Any CPU.Build.0 = Debug|Any CPU
		{5077EE6F-0F35-4FF6-8F57-0820AC61E04D}.Release|Any CPU.ActiveCfg = Release|Any CPU
		{5077EE6F-0F35-4FF6-8F57-0820AC61E04D}.Release|Any CPU.Build.0 = Release|Any CPU
		{A56C273D-FBA8-4ED6-B69A-302926E7A4E2}.Debug|Any CPU.ActiveCfg = Debug|Any CPU
		{A56C273D-FBA8-4ED6-B69A-302926E7A4E2}.Debug|Any CPU.Build.0 = Debug|Any CPU
		{A56C273D-FBA8-4ED6-B69A-302926E7A4E2}.Release|Any CPU.ActiveCfg = Release|Any CPU
		{A56C273D-FBA8-4ED6-B69A-302926E7A4E2}.Release|Any CPU.Build.0 = Release|Any CPU
	EndGlobalSection
	GlobalSection(SolutionProperties) = preSolution
		HideSolutionNode = FALSE
	EndGlobalSection
	GlobalSection(NestedProjects) = preSolution
		{37ED5D62-D731-43F7-AA47-207906D333E6} = {B413F2B7-8130-43BC-94A9-4AFD2479D866}
		{82C724B2-0803-49CD-9C5B-8567817C9CB8} = {B413F2B7-8130-43BC-94A9-4AFD2479D866}
		{C8869019-419D-42F3-A7C2-450436801D50} = {4519D481-1B68-40A7-833D-34505FC7F867}
		{8E011B67-AE9E-4406-B951-5C602E65D84A} = {B0EB5009-5C1D-468A-AACF-B9115B71DC2C}
		{5077EE6F-0F35-4FF6-8F57-0820AC61E04D} = {0CBC03A6-C107-42C0-9AC2-9FE044AF7EDC}
		{A56C273D-FBA8-4ED6-B69A-302926E7A4E2} = {3734D307-F77F-4691-8364-D44B0D72148E}
	EndGlobalSection
EndGlobal
